
Microsoft Visual Studio Solution File, Format Version 12.00
# Visual Studio Version 16
VisualStudioVersion = 16.0.30204.135
MinimumVisualStudioVersion = 10.0.40219.1
Project("{FAE04EC0-301F-11D3-BF4B-00C04F79EFBC}") = "ACM.BL", "ACM.BL\ACM.BL.csproj", "{649C1739-A280-4A19-B77A-F49336EE19AB}"
EndProject
Project("{2150E333-8FDC-42A3-9474-1A3956D46DE8}") = "Tests", "Tests", "{8D15BBD3-B0E6-4483-87A3-D4D1BE07C624}"
EndProject
Project("{FAE04EC0-301F-11D3-BF4B-00C04F79EFBC}") = "ACM.BLTest", "Tests\ACM.BLTest\ACM.BLTest.csproj", "{8D44B7FC-9BE3-4311-964B-9CAACD4F31FE}"
EndProject
Global
	GlobalSection(SolutionConfigurationPlatforms) = preSolution
		Debug|Any CPU = Debug|Any CPU
		Release|Any CPU = Release|Any CPU
	EndGlobalSection
	GlobalSection(ProjectConfigurationPlatforms) = postSolution
		{649C1739-A280-4A19-B77A-F49336EE19AB}.Debug|Any CPU.ActiveCfg = Debug|Any CPU
		{649C1739-A280-4A19-B77A-F49336EE19AB}.Debug|Any CPU.Build.0 = Debug|Any CPU
		{649C1739-A280-4A19-B77A-F49336EE19AB}.Release|Any CPU.ActiveCfg = Release|Any CPU
		{649C1739-A280-4A19-B77A-F49336EE19AB}.Release|Any CPU.Build.0 = Release|Any CPU
		{8D44B7FC-9BE3-4311-964B-9CAACD4F31FE}.Debug|Any CPU.ActiveCfg = Debug|Any CPU
		{8D44B7FC-9BE3-4311-964B-9CAACD4F31FE}.Debug|Any CPU.Build.0 = Debug|Any CPU
		{8D44B7FC-9BE3-4311-964B-9CAACD4F31FE}.Release|Any CPU.ActiveCfg = Release|Any CPU
		{8D44B7FC-9BE3-4311-964B-9CAACD4F31FE}.Release|Any CPU.Build.0 = Release|Any CPU
	EndGlobalSection
	GlobalSection(SolutionProperties) = preSolution
		HideSolutionNode = FALSE
	EndGlobalSection
	GlobalSection(NestedProjects) = preSolution
		{8D44B7FC-9BE3-4311-964B-9CAACD4F31FE} = {8D15BBD3-B0E6-4483-87A3-D4D1BE07C624}
	EndGlobalSection
	GlobalSection(ExtensibilityGlobals) = postSolution
		SolutionGuid = {1157FC74-DF68-4C89-B5F0-B145334045F2}
	EndGlobalSection
EndGlobal
